Microsoft Visual Studio Solution File, Format Version 12.00
# Visual Studio Version 16
VisualStudioVersion = 16.0.28803.452
MinimumVisualStudioVersion = 10.0.40219.1
{projects}
Global
	GlobalSection(SolutionConfigurationPlatforms) = preSolution
		{cfgs}
	EndGlobalSection
	GlobalSection(ProjectConfigurationPlatforms) = postSolution
		{project_cfgs}
	EndGlobalSection
	GlobalSection(SolutionProperties) = preSolution
		HideSolutionNode = FALSE
	EndGlobalSection
	GlobalSection(ExtensibilityGlobals) = postSolution
		SolutionGuid = {guid}
	EndGlobalSection
EndGlobal
